// !$*UTF8*$!
{
	archiveVersion = 1;
	classes = {
	};
	objectVersion = 46;
	objects = {

/* Begin PBXBuildFile section */
		EC05A0771CCFE8C3000E263B /* AppDelegate.swift in Sources */ = {isa = PBXBuildFile; fileRef = EC05A0761CCFE8C3000E263B /* AppDelegate.swift */; };
		EC05A0791CCFE8C3000E263B /* ViewController.swift in Sources */ = {isa = PBXBuildFile; fileRef = EC05A0781CCFE8C3000E263B /* ViewController.swift */; };
		EC05A07C1CCFE8C3000E263B /* Main.storyboard in Resources */ = {isa = PBXBuildFile; fileRef = EC05A07A1CCFE8C3000E263B /* Main.storyboard */; };
		EC05A07E1CCFE8C3000E263B /* Assets.xcassets in Resources */ = {isa = PBXBuildFile; fileRef = EC05A07D1CCFE8C3000E263B /* Assets.xcassets */; };
		EC05A0811CCFE8C3000E263B /* LaunchScreen.storyboard in Resources */ = {isa = PBXBuildFile; fileRef = EC05A07F1CCFE8C3000E263B /* LaunchScreen.storyboard */; };
		EC895DF81CD1074600D3FD46 /* PrettyImageView.swift in Sources */ = {isa = PBXBuildFile; fileRef = EC895DF71CD1074600D3FD46 /* PrettyImageView.swift */; };
		EC895E001CD10A9A00D3FD46 /* RoundedButton.swift in Sources */ = {isa = PBXBuildFile; fileRef = EC895DFF1CD10A9A00D3FD46 /* RoundedButton.swift */; };
		EC895E021CD10C5000D3FD46 /* WelcomeViewController.swift in Sources */ = {isa = PBXBuildFile; fileRef = EC895E011CD10C5000D3FD46 /* WelcomeViewController.swift */; };
		EC895E031CD10D1C00D3FD46 /* ProximaNova-Bold.otf in Resources */ = {isa = PBXBuildFile; fileRef = EC895DFA1CD1079E00D3FD46 /* ProximaNova-Bold.otf */; };
		EC895E041CD10D1C00D3FD46 /* ProximaNova-Light.otf in Resources */ = {isa = PBXBuildFile; fileRef = EC895DFB1CD1079E00D3FD46 /* ProximaNova-Light.otf */; };
		EC895E051CD10D1C00D3FD46 /* ProximaNova-Reg.otf in Resources */ = {isa = PBXBuildFile; fileRef = EC895DFC1CD1079E00D3FD46 /* ProximaNova-Reg.otf */; };
		EC895E081CD1106000D3FD46 /* ColorsPalette.swift in Sources */ = {isa = PBXBuildFile; fileRef = EC895E071CD1106000D3FD46 /* ColorsPalette.swift */; };
		EC895E0A1CD11AFF00D3FD46 /* TrapezeButton.swift in Sources */ = {isa = PBXBuildFile; fileRef = EC895E091CD11AFF00D3FD46 /* TrapezeButton.swift */; };
		EC895E0D1CD11E8A00D3FD46 /* MenuViewController.swift in Sources */ = {isa = PBXBuildFile; fileRef = EC895E0C1CD11E8A00D3FD46 /* MenuViewController.swift */; };
		EC895E111CD1302C00D3FD46 /* PhotoCell.swift in Sources */ = {isa = PBXBuildFile; fileRef = EC895E101CD1302C00D3FD46 /* PhotoCell.swift */; };
		EC895E151CD138C200D3FD46 /* SlicedView.swift in Sources */ = {isa = PBXBuildFile; fileRef = EC895E141CD138C200D3FD46 /* SlicedView.swift */; };
		EC895E171CD13D0E00D3FD46 /* HeaderCell.swift in Sources */ = {isa = PBXBuildFile; fileRef = EC895E161CD13D0E00D3FD46 /* HeaderCell.swift */; };
		EC895E191CD141DF00D3FD46 /* AboutCell.swift in Sources */ = {isa = PBXBuildFile; fileRef = EC895E181CD141DF00D3FD46 /* AboutCell.swift */; };
		EC895E1B1CD1496500D3FD46 /* ListBulletCell.swift in Sources */ = {isa = PBXBuildFile; fileRef = EC895E1A1CD1496500D3FD46 /* ListBulletCell.swift */; };
		EC895E1E1CD21AEF00D3FD46 /* CustomNavigationBarType.swift in Sources */ = {isa = PBXBuildFile; fileRef = EC895E1D1CD21AEF00D3FD46 /* CustomNavigationBarType.swift */; };
		EC895E201CD21F0300D3FD46 /* AboutViewController.swift in Sources */ = {isa = PBXBuildFile; fileRef = EC895E1F1CD21F0300D3FD46 /* AboutViewController.swift */; };
		EC895E231CD2367500D3FD46 /* WorkExperienceViewController.swift in Sources */ = {isa = PBXBuildFile; fileRef = EC895E221CD2367500D3FD46 /* WorkExperienceViewController.swift */; };
		EC895E261CD23A2D00D3FD46 /* WorkExampleViewController.swift in Sources */ = {isa = PBXBuildFile; fileRef = EC895E251CD23A2D00D3FD46 /* WorkExampleViewController.swift */; };
		EC895E281CD23D0E00D3FD46 /* WorkExample.swift in Sources */ = {isa = PBXBuildFile; fileRef = EC895E271CD23D0E00D3FD46 /* WorkExample.swift */; };
		EC895E2B1CD243D700D3FD46 /* DataProvider.swift in Sources */ = {isa = PBXBuildFile; fileRef = EC895E2A1CD243D700D3FD46 /* DataProvider.swift */; };
/* End PBXBuildFile section */

/* Begin PBXFileReference section */
		EC05A0731CCFE8C3000E263B /* My CV.app */ = {isa = PBXFileReference; explicitFileType = wrapper.application; includeInIndex = 0; path = "My CV.app"; sourceTree = BUILT_PRODUCTS_DIR; };
		EC05A0761CCFE8C3000E263B /* AppDelegate.swift */ = {isa = PBXFileReference; lastKnownFileType = sourcecode.swift; path = AppDelegate.swift; sourceTree = "<group>"; };
		EC05A0781CCFE8C3000E263B /* ViewController.swift */ = {isa = PBXFileReference; lastKnownFileType = sourcecode.swift; path = ViewController.swift; sourceTree = "<group>"; };
		EC05A07B1CCFE8C3000E263B /* Base */ = {isa = PBXFileReference; lastKnownFileType = file.storyboard; name = Base; path = Base.lproj/Main.storyboard; sourceTree = "<group>"; };
		EC05A07D1CCFE8C3000E263B /* Assets.xcassets */ = {isa = PBXFileReference; lastKnownFileType = folder.assetcatalog; path = Assets.xcassets; sourceTree = "<group>"; };
		EC05A0801CCFE8C3000E263B /* Base */ = {isa = PBXFileReference; lastKnownFileType = file.storyboard; name = Base; path = Base.lproj/LaunchScreen.storyboard; sourceTree = "<group>"; };
		EC05A0821CCFE8C3000E263B /* Info.plist */ = {isa = PBXFileReference; lastKnownFileType = text.plist.xml; path = Info.plist; sourceTree = "<group>"; };
		EC895DF71CD1074600D3FD46 /* PrettyImageView.swift */ = {isa = PBXFileReference; fileEncoding = 4; lastKnownFileType = sourcecode.swift; name = PrettyImageView.swift; path = Libraries/PrettyImageView.swift; sourceTree = "<group>"; };
		EC895DFA1CD1079E00D3FD46 /* ProximaNova-Bold.otf */ = {isa = PBXFileReference; lastKnownFileType = file; name = "ProximaNova-Bold.otf"; path = "Resources/Fonts/ProximaNova-Bold.otf"; sourceTree = "<group>"; };
		EC895DFB1CD1079E00D3FD46 /* ProximaNova-Light.otf */ = {isa = PBXFileReference; lastKnownFileType = file; name = "ProximaNova-Light.otf"; path = "Resources/Fonts/ProximaNova-Light.otf"; sourceTree = "<group>"; };
		EC895DFC1CD1079E00D3FD46 /* ProximaNova-Reg.otf */ = {isa = PBXFileReference; lastKnownFileType = file; name = "ProximaNova-Reg.otf"; path = "Resources/Fonts/ProximaNova-Reg.otf"; sourceTree = "<group>"; };
		EC895DFF1CD10A9A00D3FD46 /* RoundedButton.swift */ = {isa = PBXFileReference; fileEncoding = 4; lastKnownFileType = sourcecode.swift; name = RoundedButton.swift; path = Helpers/Views/RoundedButton.swift; sourceTree = "<group>"; };
		EC895E011CD10C5000D3FD46 /* WelcomeViewController.swift */ = {isa = PBXFileReference; fileEncoding = 4; lastKnownFileType = sourcecode.swift; name = WelcomeViewController.swift; path = Classes/Welcome/WelcomeViewController.swift; sourceTree = "<group>"; };
		EC895E071CD1106000D3FD46 /* ColorsPalette.swift */ = {isa = PBXFileReference; fileEncoding = 4; lastKnownFileType = sourcecode.swift; name = ColorsPalette.swift; path = Helpers/Constants/ColorsPalette.swift; sourceTree = "<group>"; };
		EC895E091CD11AFF00D3FD46 /* TrapezeButton.swift */ = {isa = PBXFileReference; fileEncoding = 4; lastKnownFileType = sourcecode.swift; name = TrapezeButton.swift; path = Helpers/Views/TrapezeButton.swift; sourceTree = "<group>"; };
		EC895E0C1CD11E8A00D3FD46 /* MenuViewController.swift */ = {isa = PBXFileReference; fileEncoding = 4; lastKnownFileType = sourcecode.swift; name = MenuViewController.swift; path = "Classes/Main Menu/MenuViewController.swift"; sourceTree = "<group>"; };
		EC895E101CD1302C00D3FD46 /* PhotoCell.swift */ = {isa = PBXFileReference; fileEncoding = 4; lastKnownFileType = sourcecode.swift; name = PhotoCell.swift; path = "Classes/About Me/Cells/PhotoCell.swift"; sourceTree = "<group>"; };
		EC895E141CD138C200D3FD46 /* SlicedView.swift */ = {isa = PBXFileReference; fileEncoding = 4; lastKnownFileType = sourcecode.swift; name = SlicedView.swift; path = Helpers/Views/SlicedView.swift; sourceTree = "<group>"; };
		EC895E161CD13D0E00D3FD46 /* HeaderCell.swift */ = {isa = PBXFileReference; fileEncoding = 4; lastKnownFileType = sourcecode.swift; name = HeaderCell.swift; path = Helpers/Views/HeaderCell.swift; sourceTree = "<group>"; };
		EC895E181CD141DF00D3FD46 /* AboutCell.swift */ = {isa = PBXFileReference; fileEncoding = 4; lastKnownFileType = sourcecode.swift; name = AboutCell.swift; path = "Classes/About Me/Cells/AboutCell.swift"; sourceTree = "<group>"; };
		EC895E1A1CD1496500D3FD46 /* ListBulletCell.swift */ = {isa = PBXFileReference; fileEncoding = 4; lastKnownFileType = sourcecode.swift; name = ListBulletCell.swift; path = "Classes/About Me/Cells/ListBulletCell.swift"; sourceTree = "<group>"; };
		EC895E1D1CD21AEF00D3FD46 /* CustomNavigationBarType.swift */ = {isa = PBXFileReference; fileEncoding = 4; lastKnownFileType = sourcecode.swift; name = CustomNavigationBarType.swift; path = Protocols/CustomNavigationBarType.swift; sourceTree = "<group>"; };
		EC895E1F1CD21F0300D3FD46 /* AboutViewController.swift */ = {isa = PBXFileReference; fileEncoding = 4; lastKnownFileType = sourcecode.swift; name = AboutViewController.swift; path = "Classes/About Me/AboutViewController.swift"; sourceTree = "<group>"; };
		EC895E221CD2367500D3FD46 /* WorkExperienceViewController.swift */ = {isa = PBXFileReference; fileEncoding = 4; lastKnownFileType = sourcecode.swift; name = WorkExperienceViewController.swift; path = "Classes/Work Experience/ViewControllers/WorkExperienceViewController.swift"; sourceTree = "<group>"; };
		EC895E251CD23A2D00D3FD46 /* WorkExampleViewController.swift */ = {isa = PBXFileReference; fileEncoding = 4; lastKnownFileType = sourcecode.swift; name = WorkExampleViewController.swift; path = "Classes/Work Experience/ViewControllers/WorkExampleViewController.swift"; sourceTree = "<group>"; };
		EC895E271CD23D0E00D3FD46 /* WorkExample.swift */ = {isa = PBXFileReference; fileEncoding = 4; lastKnownFileType = sourcecode.swift; name = WorkExample.swift; path = Models/WorkExample.swift; sourceTree = "<group>"; };
		EC895E2A1CD243D700D3FD46 /* DataProvider.swift */ = {isa = PBXFileReference; fileEncoding = 4; lastKnownFileType = sourcecode.swift; name = DataProvider.swift; path = Services/DataProvider.swift; sourceTree = "<group>"; };
/* End PBXFileReference section */

/* Begin PBXFrameworksBuildPhase section */
		EC05A0701CCFE8C3000E263B /* Frameworks */ = {
			isa = PBXFrameworksBuildPhase;
			buildActionMask = 2147483647;
			files = (
			);
			runOnlyForDeploymentPostprocessing = 0;
		};
/* End PBXFrameworksBuildPhase section */

/* Begin PBXGroup section */
		EC05A06A1CCFE8C3000E263B = {
			isa = PBXGroup;
			children = (
				EC05A0751CCFE8C3000E263B /* My CV */,
				EC05A0741CCFE8C3000E263B /* Products */,
			);
			sourceTree = "<group>";
		};
		EC05A0741CCFE8C3000E263B /* Products */ = {
			isa = PBXGroup;
			children = (
				EC05A0731CCFE8C3000E263B /* My CV.app */,
			);
			name = Products;
			sourceTree = "<group>";
		};
		EC05A0751CCFE8C3000E263B /* My CV */ = {
			isa = PBXGroup;
			children = (
				EC895DF21CD1067800D3FD46 /* Helpers */,
				EC895DF11CD1067300D3FD46 /* Models */,
				EC895DF01CD1066700D3FD46 /* Classes */,
				EC895DF31CD1067E00D3FD46 /* Resources */,
				EC05A0761CCFE8C3000E263B /* AppDelegate.swift */,
				EC05A0781CCFE8C3000E263B /* ViewController.swift */,
				EC895DF61CD106E100D3FD46 /* Libraries */,
			);
			path = "My CV";
			sourceTree = "<group>";
		};
		EC895DF01CD1066700D3FD46 /* Classes */ = {
			isa = PBXGroup;
			children = (
				EC895DFD1CD10A5400D3FD46 /* Welcome */,
				EC895E0B1CD11E3B00D3FD46 /* Main Menu */,
				EC895E0E1CD12FC600D3FD46 /* About Me */,
				EC895E211CD2363300D3FD46 /* Work Experience */,
			);
			name = Classes;
			sourceTree = "<group>";
		};
		EC895DF11CD1067300D3FD46 /* Models */ = {
			isa = PBXGroup;
			children = (
				EC895E271CD23D0E00D3FD46 /* WorkExample.swift */,
			);
			name = Models;
			sourceTree = "<group>";
		};
		EC895DF21CD1067800D3FD46 /* Helpers */ = {
			isa = PBXGroup;
			children = (
				EC895E291CD2439400D3FD46 /* Services */,
				EC895E1C1CD2199200D3FD46 /* Extensions */,
				EC895DFE1CD10A6D00D3FD46 /* Views */,
				EC895E061CD1102A00D3FD46 /* Constants */,
			);
			name = Helpers;
			sourceTree = "<group>";
		};
		EC895DF31CD1067E00D3FD46 /* Resources */ = {
			isa = PBXGroup;
			children = (
				EC895DF41CD1068700D3FD46 /* Storyboards */,
				EC05A07D1CCFE8C3000E263B /* Assets.xcassets */,
				EC895DF51CD1069C00D3FD46 /* Other */,
			);
			name = Resources;
			sourceTree = "<group>";
		};
		EC895DF41CD1068700D3FD46 /* Storyboards */ = {
			isa = PBXGroup;
			children = (
				EC05A07A1CCFE8C3000E263B /* Main.storyboard */,
				EC05A07F1CCFE8C3000E263B /* LaunchScreen.storyboard */,
			);
			name = Storyboards;
			sourceTree = "<group>";
		};
		EC895DF51CD1069C00D3FD46 /* Other */ = {
			isa = PBXGroup;
			children = (
				EC895DF91CD1078800D3FD46 /* Fonts */,
				EC05A0821CCFE8C3000E263B /* Info.plist */,
			);
			name = Other;
			sourceTree = "<group>";
		};
		EC895DF61CD106E100D3FD46 /* Libraries */ = {
			isa = PBXGroup;
			children = (
				EC895DF71CD1074600D3FD46 /* PrettyImageView.swift */,
			);
			name = Libraries;
			sourceTree = "<group>";
		};
		EC895DF91CD1078800D3FD46 /* Fonts */ = {
			isa = PBXGroup;
			children = (
				EC895DFA1CD1079E00D3FD46 /* ProximaNova-Bold.otf */,
				EC895DFB1CD1079E00D3FD46 /* ProximaNova-Light.otf */,
				EC895DFC1CD1079E00D3FD46 /* ProximaNova-Reg.otf */,
			);
			name = Fonts;
			sourceTree = "<group>";
		};
		EC895DFD1CD10A5400D3FD46 /* Welcome */ = {
			isa = PBXGroup;
			children = (
				EC895E011CD10C5000D3FD46 /* WelcomeViewController.swift */,
			);
			name = Welcome;
			sourceTree = "<group>";
		};
		EC895DFE1CD10A6D00D3FD46 /* Views */ = {
			isa = PBXGroup;
			children = (
				EC895DFF1CD10A9A00D3FD46 /* RoundedButton.swift */,
				EC895E091CD11AFF00D3FD46 /* TrapezeButton.swift */,
				EC895E141CD138C200D3FD46 /* SlicedView.swift */,
				EC895E161CD13D0E00D3FD46 /* HeaderCell.swift */,
			);
			name = Views;
			sourceTree = "<group>";
		};
		EC895E061CD1102A00D3FD46 /* Constants */ = {
			isa = PBXGroup;
			children = (
				EC895E071CD1106000D3FD46 /* ColorsPalette.swift */,
			);
			name = Constants;
			sourceTree = "<group>";
		};
		EC895E0B1CD11E3B00D3FD46 /* Main Menu */ = {
			isa = PBXGroup;
			children = (
				EC895E0C1CD11E8A00D3FD46 /* MenuViewController.swift */,
			);
			name = "Main Menu";
			sourceTree = "<group>";
		};
		EC895E0E1CD12FC600D3FD46 /* About Me */ = {
			isa = PBXGroup;
			children = (
				EC895E0F1CD1300400D3FD46 /* Cells */,
				EC895E1F1CD21F0300D3FD46 /* AboutViewController.swift */,
			);
			name = "About Me";
			sourceTree = "<group>";
		};
		EC895E0F1CD1300400D3FD46 /* Cells */ = {
			isa = PBXGroup;
			children = (
				EC895E101CD1302C00D3FD46 /* PhotoCell.swift */,
				EC895E181CD141DF00D3FD46 /* AboutCell.swift */,
				EC895E1A1CD1496500D3FD46 /* ListBulletCell.swift */,
			);
			name = Cells;
			sourceTree = "<group>";
		};
		EC895E1C1CD2199200D3FD46 /* Extensions */ = {
			isa = PBXGroup;
			children = (
				EC895E1D1CD21AEF00D3FD46 /* CustomNavigationBarType.swift */,
			);
			name = Extensions;
			sourceTree = "<group>";
		};
		EC895E211CD2363300D3FD46 /* Work Experience */ = {
			isa = PBXGroup;
			children = (
				EC895E241CD2367900D3FD46 /* ViewControllers */,
			);
			name = "Work Experience";
			sourceTree = "<group>";
		};
		EC895E241CD2367900D3FD46 /* ViewControllers */ = {
			isa = PBXGroup;
			children = (
				EC895E221CD2367500D3FD46 /* WorkExperienceViewController.swift */,
				EC895E251CD23A2D00D3FD46 /* WorkExampleViewController.swift */,
			);
			name = ViewControllers;
			sourceTree = "<group>";
		};
		EC895E291CD2439400D3FD46 /* Services */ = {
			isa = PBXGroup;
			children = (
				EC895E2A1CD243D700D3FD46 /* DataProvider.swift */,
			);
			name = Services;
			sourceTree = "<group>";
		};
/* End PBXGroup section */

/* Begin PBXNativeTarget section */
		EC05A0721CCFE8C3000E263B /* My CV */ = {
			isa = PBXNativeTarget;
			buildConfigurationList = EC05A0851CCFE8C3000E263B /* Build configuration list for PBXNativeTarget "My CV" */;
			buildPhases = (
				EC05A06F1CCFE8C3000E263B /* Sources */,
				EC05A0701CCFE8C3000E263B /* Frameworks */,
				EC05A0711CCFE8C3000E263B /* Resources */,
			);
			buildRules = (
			);
			dependencies = (
			);
			name = "My CV";
			productName = "My CV";
			productReference = EC05A0731CCFE8C3000E263B /* My CV.app */;
			productType = "com.apple.product-type.application";
		};
/* End PBXNativeTarget section */

/* Begin PBXProject section */
		EC05A06B1CCFE8C3000E263B /* Project object */ = {
			isa = PBXProject;
			attributes = {
				LastSwiftUpdateCheck = 0730;
				LastUpgradeCheck = 0730;
				ORGANIZATIONNAME = "Arthur Myronenko";
				TargetAttributes = {
					EC05A0721CCFE8C3000E263B = {
						CreatedOnToolsVersion = 7.3;
						DevelopmentTeam = 2AD5FF27TX;
					};
				};
			};
			buildConfigurationList = EC05A06E1CCFE8C3000E263B /* Build configuration list for PBXProject "My CV" */;
			compatibilityVersion = "Xcode 3.2";
			developmentRegion = English;
			hasScannedForEncodings = 0;
			knownRegions = (
				en,
				Base,
			);
			mainGroup = EC05A06A1CCFE8C3000E263B;
			productRefGroup = EC05A0741CCFE8C3000E263B /* Products */;
			projectDirPath = "";
			projectRoot = "";
			targets = (
				EC05A0721CCFE8C3000E263B /* My CV */,
			);
		};
/* End PBXProject section */

/* Begin PBXResourcesBuildPhase section */
		EC05A0711CCFE8C3000E263B /* Resources */ = {
			isa = PBXResourcesBuildPhase;
			buildActionMask = 2147483647;
			files = (
				EC895E031CD10D1C00D3FD46 /* ProximaNova-Bold.otf in Resources */,
				EC895E041CD10D1C00D3FD46 /* ProximaNova-Light.otf in Resources */,
				EC895E051CD10D1C00D3FD46 /* ProximaNova-Reg.otf in Resources */,
				EC05A0811CCFE8C3000E263B /* LaunchScreen.storyboard in Resources */,
				EC05A07E1CCFE8C3000E263B /* Assets.xcassets in Resources */,
				EC05A07C1CCFE8C3000E263B /* Main.storyboard in Resources */,
			);
			runOnlyForDeploymentPostprocessing = 0;
		};
/* End PBXResourcesBuildPhase section */

/* Begin PBXSourcesBuildPhase section */
		EC05A06F1CCFE8C3000E263B /* Sources */ = {
			isa = PBXSourcesBuildPhase;
			buildActionMask = 2147483647;
			files = (
				EC895DF81CD1074600D3FD46 /* PrettyImageView.swift in Sources */,
				EC895E111CD1302C00D3FD46 /* PhotoCell.swift in Sources */,
				EC895E021CD10C5000D3FD46 /* WelcomeViewController.swift in Sources */,
				EC895E231CD2367500D3FD46 /* WorkExperienceViewController.swift in Sources */,
				EC895E1B1CD1496500D3FD46 /* ListBulletCell.swift in Sources */,
				EC05A0791CCFE8C3000E263B /* ViewController.swift in Sources */,
				EC895E171CD13D0E00D3FD46 /* HeaderCell.swift in Sources */,
				EC895E2B1CD243D700D3FD46 /* DataProvider.swift in Sources */,
				EC05A0771CCFE8C3000E263B /* AppDelegate.swift in Sources */,
				EC895E001CD10A9A00D3FD46 /* RoundedButton.swift in Sources */,
				EC895E1E1CD21AEF00D3FD46 /* CustomNavigationBarType.swift in Sources */,
				EC895E151CD138C200D3FD46 /* SlicedView.swift in Sources */,
				EC895E0A1CD11AFF00D3FD46 /* TrapezeButton.swift in Sources */,
				EC895E191CD141DF00D3FD46 /* AboutCell.swift in Sources */,
				EC895E281CD23D0E00D3FD46 /* WorkExample.swift in Sources */,
				EC895E081CD1106000D3FD46 /* ColorsPalette.swift in Sources */,
				EC895E201CD21F0300D3FD46 /* AboutViewController.swift in Sources */,
				EC895E0D1CD11E8A00D3FD46 /* MenuViewController.swift in Sources */,
				EC895E261CD23A2D00D3FD46 /* WorkExampleViewController.swift in Sources */,
			);
			runOnlyForDeploymentPostprocessing = 0;
		};
/* End PBXSourcesBuildPhase section */

/* Begin PBXVariantGroup section */
		EC05A07A1CCFE8C3000E263B /* Main.storyboard */ = {
			isa = PBXVariantGroup;
			children = (
				EC05A07B1CCFE8C3000E263B /* Base */,
			);
			name = Main.storyboard;
			sourceTree = "<group>";
		};
		EC05A07F1CCFE8C3000E263B /* LaunchScreen.storyboard */ = {
			isa = PBXVariantGroup;
			children = (
				EC05A0801CCFE8C3000E263B /* Base */,
			);
			name = LaunchScreen.storyboard;
			sourceTree = "<group>";
		};
/* End PBXVariantGroup section */

/* Begin XCBuildConfiguration section */
		EC05A0831CCFE8C3000E263B /* Debug */ = {
			isa = XCBuildConfiguration;
			buildSettings = {
				ALWAYS_SEARCH_USER_PATHS = NO;
				CLANG_ANALYZER_NONNULL = YES;
				CLANG_CXX_LANGUAGE_STANDARD = "gnu++0x";
				CLANG_CXX_LIBRARY = "libc++";
				CLANG_ENABLE_MODULES = YES;
				CLANG_ENABLE_OBJC_ARC = YES;
				CLANG_WARN_BOOL_CONVERSION = YES;
				CLANG_WARN_CONSTANT_CONVERSION = YES;
				CLANG_WARN_DIRECT_OBJC_ISA_USAGE = YES_ERROR;
				CLANG_WARN_EMPTY_BODY = YES;
				CLANG_WARN_ENUM_CONVERSION = YES;
				CLANG_WARN_INT_CONVERSION = YES;
				CLANG_WARN_OBJC_ROOT_CLASS = YES_ERROR;
				CLANG_WARN_UNREACHABLE_CODE = YES;
				CLANG_WARN__DUPLICATE_METHOD_MATCH = YES;
				"CODE_SIGN_IDENTITY[sdk=iphoneos*]" = "iPhone Developer";
				COPY_PHASE_STRIP = NO;
				DEBUG_INFORMATION_FORMAT = dwarf;
				ENABLE_STRICT_OBJC_MSGSEND = YES;
				ENABLE_TESTABILITY = YES;
				GCC_C_LANGUAGE_STANDARD = gnu99;
				GCC_DYNAMIC_NO_PIC = NO;
				GCC_NO_COMMON_BLOCKS = YES;
				GCC_OPTIMIZATION_LEVEL = 0;
				GCC_PREPROCESSOR_DEFINITIONS = (
					"DEBUG=1",
					"$(inherited)",
				);
				GCC_WARN_64_TO_32_BIT_CONVERSION = YES;
				GCC_WARN_ABOUT_RETURN_TYPE = YES_ERROR;
				GCC_WARN_UNDECLARED_SELECTOR = YES;
				GCC_WARN_UNINITIALIZED_AUTOS = YES_AGGRESSIVE;
				GCC_WARN_UNUSED_FUNCTION = YES;
				GCC_WARN_UNUSED_VARIABLE = YES;
				IPHONEOS_DEPLOYMENT_TARGET = 9.3;
				MTL_ENABLE_DEBUG_INFO = YES;
				ONLY_ACTIVE_ARCH = YES;
				SDKROOT = iphoneos;
				SWIFT_OPTIMIZATION_LEVEL = "-Onone";
				TARGETED_DEVICE_FAMILY = "1,2";
			};
			name = Debug;
		};
		EC05A0841CCFE8C3000E263B /* Release */ = {
			isa = XCBuildConfiguration;
			buildSettings = {
				ALWAYS_SEARCH_USER_PATHS = NO;
				CLANG_ANALYZER_NONNULL = YES;
				CLANG_CXX_LANGUAGE_STANDARD = "gnu++0x";
				CLANG_CXX_LIBRARY = "libc++";
				CLANG_ENABLE_MODULES = YES;
				CLANG_ENABLE_OBJC_ARC = YES;
				CLANG_WARN_BOOL_CONVERSION = YES;
				CLANG_WARN_CONSTANT_CONVERSION = YES;
				CLANG_WARN_DIRECT_OBJC_ISA_USAGE = YES_ERROR;
				CLANG_WARN_EMPTY_BODY = YES;
				CLANG_WARN_ENUM_CONVERSION = YES;
				CLANG_WARN_INT_CONVERSION = YES;
				CLANG_WARN_OBJC_ROOT_CLASS = YES_ERROR;
				CLANG_WARN_UNREACHABLE_CODE = YES;
				CLANG_WARN__DUPLICATE_METHOD_MATCH = YES;
				"CODE_SIGN_IDENTITY[sdk=iphoneos*]" = "iPhone Developer";
				COPY_PHASE_STRIP = NO;
				DEBUG_INFORMATION_FORMAT = "dwarf-with-dsym";
				ENABLE_NS_ASSERTIONS = NO;
				ENABLE_STRICT_OBJC_MSGSEND = YES;
				GCC_C_LANGUAGE_STANDARD = gnu99;
				GCC_NO_COMMON_BLOCKS = YES;
				GCC_WARN_64_TO_32_BIT_CONVERSION = YES;
				GCC_WARN_ABOUT_RETURN_TYPE = YES_ERROR;
				GCC_WARN_UNDECLARED_SELECTOR = YES;
				GCC_WARN_UNINITIALIZED_AUTOS = YES_AGGRESSIVE;
				GCC_WARN_UNUSED_FUNCTION = YES;
				GCC_WARN_UNUSED_VARIABLE = YES;
				IPHONEOS_DEPLOYMENT_TARGET = 9.3;
				MTL_ENABLE_DEBUG_INFO = NO;
				SDKROOT = iphoneos;
				TARGETED_DEVICE_FAMILY = "1,2";
				VALIDATE_PRODUCT = YES;
			};
			name = Release;
		};
		EC05A0861CCFE8C3000E263B /* Debug */ = {
			isa = XCBuildConfiguration;
			buildSettings = {
				ASSETCATALOG_COMPILER_APPICON_NAME = AppIcon;
				CODE_SIGN_IDENTITY = "iPhone Developer";
				"CODE_SIGN_IDENTITY[sdk=iphoneos*]" = "iPhone Developer";
				INFOPLIST_FILE = "My CV/Info.plist";
				LD_RUNPATH_SEARCH_PATHS = "$(inherited) @executable_path/Frameworks";
				PRODUCT_BUNDLE_IDENTIFIER = "arthurmyronenko.My-CV";
				PRODUCT_NAME = "$(TARGET_NAME)";
				PROVISIONING_PROFILE = "";
			};
			name = Debug;
		};
		EC05A0871CCFE8C3000E263B /* Release */ = {
			isa = XCBuildConfiguration;
			buildSettings = {
				ASSETCATALOG_COMPILER_APPICON_NAME = AppIcon;
				CODE_SIGN_IDENTITY = "iPhone Developer";
				"CODE_SIGN_IDENTITY[sdk=iphoneos*]" = "iPhone Developer";
				INFOPLIST_FILE = "My CV/Info.plist";
				LD_RUNPATH_SEARCH_PATHS = "$(inherited) @executable_path/Frameworks";
				PRODUCT_BUNDLE_IDENTIFIER = "arthurmyronenko.My-CV";
				PRODUCT_NAME = "$(TARGET_NAME)";
				PROVISIONING_PROFILE = "";
			};
			name = Release;
		};
/* End XCBuildConfiguration section */

/* Begin XCConfigurationList section */
		EC05A06E1CCFE8C3000E263B /* Build configuration list for PBXProject "My CV" */ = {
			isa = XCConfigurationList;
			buildConfigurations = (
				EC05A0831CCFE8C3000E263B /* Debug */,
				EC05A0841CCFE8C3000E263B /* Release */,
			);
			defaultConfigurationIsVisible = 0;
			defaultConfigurationName = Release;
		};
		EC05A0851CCFE8C3000E263B /* Build configuration list for PBXNativeTarget "My CV" */ = {
			isa = XCConfigurationList;
			buildConfigurations = (
				EC05A0861CCFE8C3000E263B /* Debug */,
				EC05A0871CCFE8C3000E263B /* Release */,
			);
			defaultConfigurationIsVisible = 0;
			defaultConfigurationName = Release;
		};
/* End XCConfigurationList section */
	};
	rootObject = EC05A06B1CCFE8C3000E263B /* Project object */;
}
